
Microsoft Visual Studio Solution File, Format Version 12.00
# Visual Studio 14
VisualStudioVersion = 14.0.23107.0
MinimumVisualStudioVersion = 10.0.40219.1
Project("{FAE04EC0-301F-11D3-BF4B-00C04F79EFBC}") = "WinForm", "DangNhapDemo\WinForm.csproj", "{8E849C9E-6E6A-4DEB-AD75-42DDE0119162}"
EndProject
Project("{FAE04EC0-301F-11D3-BF4B-00C04F79EFBC}") = "Core", "Core\Core.csproj", "{B9521B0A-E361-4280-B586-6EF05294E7F5}"
EndProject
Project("{FAE04EC0-301F-11D3-BF4B-00C04F79EFBC}") = "WebForm", "WebForm\WebForm.csproj", "{C0C38445-998D-40D7-B699-EA8278C1B6BE}"
EndProject
Global
	GlobalSection(SolutionConfigurationPlatforms) = preSolution
		Debug|Any CPU = Debug|Any CPU
		Release|Any CPU = Release|Any CPU
	EndGlobalSection
	GlobalSection(ProjectConfigurationPlatforms) = postSolution
		{8E849C9E-6E6A-4DEB-AD75-42DDE0119162}.Debug|Any CPU.ActiveCfg = Debug|Any CPU
		{8E849C9E-6E6A-4DEB-AD75-42DDE0119162}.Debug|Any CPU.Build.0 = Debug|Any CPU
		{8E849C9E-6E6A-4DEB-AD75-42DDE0119162}.Release|Any CPU.ActiveCfg = Release|Any CPU
		{8E849C9E-6E6A-4DEB-AD75-42DDE0119162}.Release|Any CPU.Build.0 = Release|Any CPU
		{B9521B0A-E361-4280-B586-6EF05294E7F5}.Debug|Any CPU.ActiveCfg = Debug|Any CPU
		{B9521B0A-E361-4280-B586-6EF05294E7F5}.Debug|Any CPU.Build.0 = Debug|Any CPU
		{B9521B0A-E361-4280-B586-6EF05294E7F5}.Release|Any CPU.ActiveCfg = Release|Any CPU
		{B9521B0A-E361-4280-B586-6EF05294E7F5}.Release|Any CPU.Build.0 = Release|Any CPU
		{C0C38445-998D-40D7-B699-EA8278C1B6BE}.Debug|Any CPU.ActiveCfg = Debug|Any CPU
		{C0C38445-998D-40D7-B699-EA8278C1B6BE}.Debug|Any CPU.Build.0 = Debug|Any CPU
		{C0C38445-998D-40D7-B699-EA8278C1B6BE}.Release|Any CPU.ActiveCfg = Release|Any CPU
		{C0C38445-998D-40D7-B699-EA8278C1B6BE}.Release|Any CPU.Build.0 = Release|Any CPU
	EndGlobalSection
	GlobalSection(SolutionProperties) = preSolution
		HideSolutionNode = FALSE
	EndGlobalSection
EndGlobal
